
Microsoft Visual Studio Solution File, Format Version 12.00
# Visual Studio 15
VisualStudioVersion = 15.0.27130.2027
MinimumVisualStudioVersion = 10.0.40219.1
Project("{FAE04EC0-301F-11D3-BF4B-00C04F79EFBC}") = "PaymentConsole", "PaymentConsole\PaymentConsole.csproj", "{522F1CA5-026A-4C8D-9A42-BE3289265DE3}"
EndProject
Project("{FAE04EC0-301F-11D3-BF4B-00C04F79EFBC}") = "PaymentConsole.Tests", "PaymentConsole.Tests\PaymentConsole.Tests.csproj", "{1AFE53AA-A219-4C74-A156-8863B7DA1C25}"
EndProject
Global
	GlobalSection(SolutionConfigurationPlatforms) = preSolution
		Debug|Any CPU = Debug|Any CPU
		Release|Any CPU = Release|Any CPU
	EndGlobalSection
	GlobalSection(ProjectConfigurationPlatforms) = postSolution
		{522F1CA5-026A-4C8D-9A42-BE3289265DE3}.Debug|Any CPU.ActiveCfg = Debug|Any CPU
		{522F1CA5-026A-4C8D-9A42-BE3289265DE3}.Debug|Any CPU.Build.0 = Debug|Any CPU
		{522F1CA5-026A-4C8D-9A42-BE3289265DE3}.Release|Any CPU.ActiveCfg = Release|Any CPU
		{522F1CA5-026A-4C8D-9A42-BE3289265DE3}.Release|Any CPU.Build.0 = Release|Any CPU
		{1AFE53AA-A219-4C74-A156-8863B7DA1C25}.Debug|Any CPU.ActiveCfg = Debug|Any CPU
		{1AFE53AA-A219-4C74-A156-8863B7DA1C25}.Debug|Any CPU.Build.0 = Debug|Any CPU
		{1AFE53AA-A219-4C74-A156-8863B7DA1C25}.Release|Any CPU.ActiveCfg = Release|Any CPU
		{1AFE53AA-A219-4C74-A156-8863B7DA1C25}.Release|Any CPU.Build.0 = Release|Any CPU
	EndGlobalSection
	GlobalSection(SolutionProperties) = preSolution
		HideSolutionNode = FALSE
	EndGlobalSection
	GlobalSection(ExtensibilityGlobals) = postSolution
		SolutionGuid = {A57703F4-468D-43D0-ADFB-5A6C36539D31}
	EndGlobalSection
EndGlobal
