
Microsoft Visual Studio Solution File, Format Version 12.00
# Visual Studio 15
VisualStudioVersion = 15.0.27130.2027
MinimumVisualStudioVersion = 10.0.40219.1
Project("{FAE04EC0-301F-11D3-BF4B-00C04F79EFBC}") = "MetcastDataTransformer", "MetcastDataTransformer\MetcastDataTransformer.csproj", "{F8C3DE16-90FD-44A7-A532-300AF3D3FDCF}"
EndProject
Project("{FAE04EC0-301F-11D3-BF4B-00C04F79EFBC}") = "VkAppBot", "VkAppBot\VkAppBot.csproj", "{C884E0D9-CC12-410D-8B9E-D50B97262D3A}"
EndProject
Project("{FAE04EC0-301F-11D3-BF4B-00C04F79EFBC}") = "VkAppBot.Tests", "VkAppBot.Tests\VkAppBot.Tests.csproj", "{77961677-55C4-4D85-850E-9F2E84BCD698}"
EndProject
Project("{FAE04EC0-301F-11D3-BF4B-00C04F79EFBC}") = "MinMaxDouble", "MinMaxDouble\MinMaxDouble.csproj", "{40CB84E5-288B-4A7A-922C-EBF533D53FCE}"
EndProject
Project("{FAE04EC0-301F-11D3-BF4B-00C04F79EFBC}") = "StringsTransformer", "StringsTransformer\StringsTransformer.csproj", "{16889F49-037B-4F2D-9517-F3A7452FED90}"
EndProject
Project("{FAE04EC0-301F-11D3-BF4B-00C04F79EFBC}") = "ArrayApp", "ArrayApp\ArrayApp.csproj", "{14DC9C4B-0962-48E6-8283-035D62B5C303}"
EndProject
Project("{FAE04EC0-301F-11D3-BF4B-00C04F79EFBC}") = "OnlineStore", "OnlineStore\OnlineStore.csproj", "{3381A10F-229A-49A1-987A-3E18E352DD3F}"
EndProject
Project("{FAE04EC0-301F-11D3-BF4B-00C04F79EFBC}") = "TransportsApp", "TransportsApp\TransportsApp.csproj", "{B5C99320-A3F2-4B72-97D7-DF407A0E0467}"
EndProject
Project("{FAE04EC0-301F-11D3-BF4B-00C04F79EFBC}") = "OnlineStoreV2", "OnlineStoreV2\OnlineStoreV2.csproj", "{F72F8D02-F81F-4008-A252-EE9C5AA209EE}"
EndProject
Project("{FAE04EC0-301F-11D3-BF4B-00C04F79EFBC}") = "AircraftStation", "AircraftStation\AircraftStation.csproj", "{F0A7170A-0CD7-4489-A4F7-48F48B4AA027}"
EndProject
Project("{FAE04EC0-301F-11D3-BF4B-00C04F79EFBC}") = "RegistrationService", "RegistrationService\RegistrationService.csproj", "{2F68A0E9-48FC-4F49-8B38-77F12F3BBF8E}"
EndProject
Project("{FAE04EC0-301F-11D3-BF4B-00C04F79EFBC}") = "OnlineStoreV2.WPF", "OnlineStoreV2.WPF\OnlineStoreV2.WPF.csproj", "{54AA6F0A-7437-4702-902C-B0A374BF70DD}"
EndProject
Project("{FAE04EC0-301F-11D3-BF4B-00C04F79EFBC}") = "AircraftStation.WPF", "AircraftStation.WPF\AircraftStation.WPF.csproj", "{F429D274-740F-4746-BA53-3E9BA60B6044}"
EndProject
Global
	GlobalSection(SolutionConfigurationPlatforms) = preSolution
		Debug|Any CPU = Debug|Any CPU
		Release|Any CPU = Release|Any CPU
	EndGlobalSection
	GlobalSection(ProjectConfigurationPlatforms) = postSolution
		{F8C3DE16-90FD-44A7-A532-300AF3D3FDCF}.Debug|Any CPU.ActiveCfg = Debug|Any CPU
		{F8C3DE16-90FD-44A7-A532-300AF3D3FDCF}.Debug|Any CPU.Build.0 = Debug|Any CPU
		{F8C3DE16-90FD-44A7-A532-300AF3D3FDCF}.Release|Any CPU.ActiveCfg = Release|Any CPU
		{F8C3DE16-90FD-44A7-A532-300AF3D3FDCF}.Release|Any CPU.Build.0 = Release|Any CPU
		{C884E0D9-CC12-410D-8B9E-D50B97262D3A}.Debug|Any CPU.ActiveCfg = Debug|Any CPU
		{C884E0D9-CC12-410D-8B9E-D50B97262D3A}.Debug|Any CPU.Build.0 = Debug|Any CPU
		{C884E0D9-CC12-410D-8B9E-D50B97262D3A}.Release|Any CPU.ActiveCfg = Release|Any CPU
		{C884E0D9-CC12-410D-8B9E-D50B97262D3A}.Release|Any CPU.Build.0 = Release|Any CPU
		{77961677-55C4-4D85-850E-9F2E84BCD698}.Debug|Any CPU.ActiveCfg = Debug|Any CPU
		{77961677-55C4-4D85-850E-9F2E84BCD698}.Debug|Any CPU.Build.0 = Debug|Any CPU
		{77961677-55C4-4D85-850E-9F2E84BCD698}.Release|Any CPU.ActiveCfg = Release|Any CPU
		{77961677-55C4-4D85-850E-9F2E84BCD698}.Release|Any CPU.Build.0 = Release|Any CPU
		{40CB84E5-288B-4A7A-922C-EBF533D53FCE}.Debug|Any CPU.ActiveCfg = Debug|Any CPU
		{40CB84E5-288B-4A7A-922C-EBF533D53FCE}.Debug|Any CPU.Build.0 = Debug|Any CPU
		{40CB84E5-288B-4A7A-922C-EBF533D53FCE}.Release|Any CPU.ActiveCfg = Release|Any CPU
		{40CB84E5-288B-4A7A-922C-EBF533D53FCE}.Release|Any CPU.Build.0 = Release|Any CPU
		{16889F49-037B-4F2D-9517-F3A7452FED90}.Debug|Any CPU.ActiveCfg = Debug|Any CPU
		{16889F49-037B-4F2D-9517-F3A7452FED90}.Debug|Any CPU.Build.0 = Debug|Any CPU
		{16889F49-037B-4F2D-9517-F3A7452FED90}.Release|Any CPU.ActiveCfg = Release|Any CPU
		{16889F49-037B-4F2D-9517-F3A7452FED90}.Release|Any CPU.Build.0 = Release|Any CPU
		{14DC9C4B-0962-48E6-8283-035D62B5C303}.Debug|Any CPU.ActiveCfg = Debug|Any CPU
		{14DC9C4B-0962-48E6-8283-035D62B5C303}.Debug|Any CPU.Build.0 = Debug|Any CPU
		{14DC9C4B-0962-48E6-8283-035D62B5C303}.Release|Any CPU.ActiveCfg = Release|Any CPU
		{14DC9C4B-0962-48E6-8283-035D62B5C303}.Release|Any CPU.Build.0 = Release|Any CPU
		{3381A10F-229A-49A1-987A-3E18E352DD3F}.Debug|Any CPU.ActiveCfg = Debug|Any CPU
		{3381A10F-229A-49A1-987A-3E18E352DD3F}.Debug|Any CPU.Build.0 = Debug|Any CPU
		{3381A10F-229A-49A1-987A-3E18E352DD3F}.Release|Any CPU.ActiveCfg = Release|Any CPU
		{3381A10F-229A-49A1-987A-3E18E352DD3F}.Release|Any CPU.Build.0 = Release|Any CPU
		{B5C99320-A3F2-4B72-97D7-DF407A0E0467}.Debug|Any CPU.ActiveCfg = Debug|Any CPU
		{B5C99320-A3F2-4B72-97D7-DF407A0E0467}.Debug|Any CPU.Build.0 = Debug|Any CPU
		{B5C99320-A3F2-4B72-97D7-DF407A0E0467}.Release|Any CPU.ActiveCfg = Release|Any CPU
		{B5C99320-A3F2-4B72-97D7-DF407A0E0467}.Release|Any CPU.Build.0 = Release|Any CPU
		{F72F8D02-F81F-4008-A252-EE9C5AA209EE}.Debug|Any CPU.ActiveCfg = Debug|Any CPU
		{F72F8D02-F81F-4008-A252-EE9C5AA209EE}.Debug|Any CPU.Build.0 = Debug|Any CPU
		{F72F8D02-F81F-4008-A252-EE9C5AA209EE}.Release|Any CPU.ActiveCfg = Release|Any CPU
		{F72F8D02-F81F-4008-A252-EE9C5AA209EE}.Release|Any CPU.Build.0 = Release|Any CPU
		{F0A7170A-0CD7-4489-A4F7-48F48B4AA027}.Debug|Any CPU.ActiveCfg = Debug|Any CPU
		{F0A7170A-0CD7-4489-A4F7-48F48B4AA027}.Debug|Any CPU.Build.0 = Debug|Any CPU
		{F0A7170A-0CD7-4489-A4F7-48F48B4AA027}.Release|Any CPU.ActiveCfg = Release|Any CPU
		{F0A7170A-0CD7-4489-A4F7-48F48B4AA027}.Release|Any CPU.Build.0 = Release|Any CPU
		{2F68A0E9-48FC-4F49-8B38-77F12F3BBF8E}.Debug|Any CPU.ActiveCfg = Debug|Any CPU
		{2F68A0E9-48FC-4F49-8B38-77F12F3BBF8E}.Debug|Any CPU.Build.0 = Debug|Any CPU
		{2F68A0E9-48FC-4F49-8B38-77F12F3BBF8E}.Release|Any CPU.ActiveCfg = Release|Any CPU
		{2F68A0E9-48FC-4F49-8B38-77F12F3BBF8E}.Release|Any CPU.Build.0 = Release|Any CPU
		{54AA6F0A-7437-4702-902C-B0A374BF70DD}.Debug|Any CPU.ActiveCfg = Debug|Any CPU
		{54AA6F0A-7437-4702-902C-B0A374BF70DD}.Debug|Any CPU.Build.0 = Debug|Any CPU
		{54AA6F0A-7437-4702-902C-B0A374BF70DD}.Release|Any CPU.ActiveCfg = Release|Any CPU
		{54AA6F0A-7437-4702-902C-B0A374BF70DD}.Release|Any CPU.Build.0 = Release|Any CPU
		{F429D274-740F-4746-BA53-3E9BA60B6044}.Debug|Any CPU.ActiveCfg = Debug|Any CPU
		{F429D274-740F-4746-BA53-3E9BA60B6044}.Debug|Any CPU.Build.0 = Debug|Any CPU
		{F429D274-740F-4746-BA53-3E9BA60B6044}.Release|Any CPU.ActiveCfg = Release|Any CPU
		{F429D274-740F-4746-BA53-3E9BA60B6044}.Release|Any CPU.Build.0 = Release|Any CPU
	EndGlobalSection
	GlobalSection(SolutionProperties) = preSolution
		HideSolutionNode = FALSE
	EndGlobalSection
	GlobalSection(ExtensibilityGlobals) = postSolution
		SolutionGuid = {8172250F-D6F6-4F62-9976-34E4D6E123B3}
	EndGlobalSection
EndGlobal
